
Microsoft Visual Studio Solution File, Format Version 12.00
# Visual Studio Version 17
VisualStudioVersion = 17.11.35327.3
MinimumVisualStudioVersion = 10.0.40219.1
Project("{2150E333-8FDC-42A3-9474-1A3956D46DE8}") = "src", "src", "{E599DCBE-3D78-4D77-8260-34EE9985FACB}"
EndProject
Project("{FAE04EC0-301F-11D3-BF4B-00C04F79EFBC}") = "MultiJwt.Api", "src\MultiJwt.Api\MultiJwt.Api.csproj", "{0C5EE720-E267-4221-944C-2EE49737BDC6}"
EndProject
Project("{E53339B2-1760-4266-BCC7-CA923CBCF16C}") = "docker-compose", "docker-compose.dcproj", "{2AC7BFCC-039B-4735-BEE8-EBF3CB59381A}"
EndProject
Global
	GlobalSection(SolutionConfigurationPlatforms) = preSolution
		Debug|Any CPU = Debug|Any CPU
		Release|Any CPU = Release|Any CPU
	EndGlobalSection
	GlobalSection(ProjectConfigurationPlatforms) = postSolution
		{0C5EE720-E267-4221-944C-2EE49737BDC6}.Debug|Any CPU.ActiveCfg = Debug|Any CPU
		{0C5EE720-E267-4221-944C-2EE49737BDC6}.Debug|Any CPU.Build.0 = Debug|Any CPU
		{0C5EE720-E267-4221-944C-2EE49737BDC6}.Release|Any CPU.ActiveCfg = Release|Any CPU
		{0C5EE720-E267-4221-944C-2EE49737BDC6}.Release|Any CPU.Build.0 = Release|Any CPU
		{2AC7BFCC-039B-4735-BEE8-EBF3CB59381A}.Debug|Any CPU.ActiveCfg = Debug|Any CPU
		{2AC7BFCC-039B-4735-BEE8-EBF3CB59381A}.Debug|Any CPU.Build.0 = Debug|Any CPU
		{2AC7BFCC-039B-4735-BEE8-EBF3CB59381A}.Release|Any CPU.ActiveCfg = Release|Any CPU
		{2AC7BFCC-039B-4735-BEE8-EBF3CB59381A}.Release|Any CPU.Build.0 = Release|Any CPU
	EndGlobalSection
	GlobalSection(SolutionProperties) = preSolution
		HideSolutionNode = FALSE
	EndGlobalSection
	GlobalSection(NestedProjects) = preSolution
		{0C5EE720-E267-4221-944C-2EE49737BDC6} = {E599DCBE-3D78-4D77-8260-34EE9985FACB}
	EndGlobalSection
	GlobalSection(ExtensibilityGlobals) = postSolution
		SolutionGuid = {BDBF5056-003A-48AF-9999-A5EB8490F9B8}
	EndGlobalSection
EndGlobal
